<?xml version="1.0" encoding="utf-8"?>
<Project ToolsVersion="4.0" xmlns="http://schemas.microsoft.com/developer/msbuild/2003">
  <ItemGroup>
    <Filter Include="Source Files">
      <UniqueIdentifier>{4FC737F1-C7A5-4376-A066-2A32D752A2FF}</UniqueIdentifier>
      <Extensions>cpp;c;cc;cxx;def;odl;idl;hpj;bat;asm;asmx</Extensions>
    </Filter>
    <Filter Include="FrameWork">
      <UniqueIdentifier>{67DA6AB6-F800-4c08-8B7A-83BB121AAD01}</UniqueIdentifier>
      <Extensions>rc;ico;cur;bmp;dlg;rc2;rct;bin;rgs;gif;jpg;jpeg;jpe;resx;tiff;tif;png;wav;mfcribbon-ms</Extensions>
    </Filter>
    <Filter Include="TileMap">
      <UniqueIdentifier>{5c5824fd-e486-45f6-9eec-0148eac144e7}</UniqueIdentifier>
    </Filter>
    <Filter Include="Source Files\State">
      <UniqueIdentifier>{a43edffe-db63-44c0-9237-50ccd3909169}</UniqueIdentifier>
    </Filter>
    <Filter Include="Game">
      <UniqueIdentifier>{bcc3250e-30ad-4c62-87cc-7c1a3ec1ef80}</UniqueIdentifier>
    </Filter>
    <Filter Include="Object">
      <UniqueIdentifier>{7a14676d-0d39-4aa7-b30a-e2b566eacb40}</UniqueIdentifier>
    </Filter>
    <Filter Include="Object\Static Object">
      <UniqueIdentifier>{9c91580b-9270-4959-8edf-4c0f2baec22a}</UniqueIdentifier>
    </Filter>
    <Filter Include="Object\Item">
      <UniqueIdentifier>{93995380-89BD-4b04-88EB-625FBE52EBFB}</UniqueIdentifier>
      <Extensions>h;hh;hpp;hxx;hm;inl;inc;xsd</Extensions>
    </Filter>
    <Filter Include="Object\Enemy">
      <UniqueIdentifier>{9bf399e2-39ea-4654-9ee6-15c0ebf73da4}</UniqueIdentifier>
    </Filter>
    <Filter Include="Source Files\Grid">
      <UniqueIdentifier>{82fba06a-538b-4a10-872d-dafc6a533bbe}</UniqueIdentifier>
    </Filter>
    <Filter Include="Source Files\UI">
      <UniqueIdentifier>{cbb1417f-9e1d-4a31-b498-73f9d4961997}</UniqueIdentifier>
    </Filter>
  </ItemGroup>
  <ItemGroup>
    <ClCompile Include="main.cpp">
      <Filter>Source Files</Filter>
    </ClCompile>
    <ClCompile Include="Simon.cpp">
      <Filter>Source Files</Filter>
    </ClCompile>
    <ClCompile Include="Whip.cpp">
      <Filter>Source Files</Filter>
    </ClCompile>
    <ClCompile Include="TitleAnimation.cpp">
      <Filter>Source Files</Filter>
    </ClCompile>
    <ClCompile Include="Items.cpp">
      <Filter>Object\Item</Filter>
    </ClCompile>
    <ClCompile Include="Knife.cpp">
      <Filter>Object\Item</Filter>
    </ClCompile>
    <ClCompile Include="Ground.cpp">
      <Filter>Object\Static Object</Filter>
    </ClCompile>
    <ClCompile Include="lCandle.cpp">
      <Filter>Object\Static Object</Filter>
    </ClCompile>
    <ClCompile Include="Animations.cpp">
      <Filter>FrameWork</Filter>
    </ClCompile>
    <ClCompile Include="Debug.cpp">
      <Filter>FrameWork</Filter>
    </ClCompile>
    <ClCompile Include="Sprites.cpp">
      <Filter>FrameWork</Filter>
    </ClCompile>
    <ClCompile Include="Textures.cpp">
      <Filter>FrameWork</Filter>
    </ClCompile>
    <ClCompile Include="TileMap.cpp">
      <Filter>TileMap</Filter>
    </ClCompile>
    <ClCompile Include="GameIntro.cpp">
      <Filter>Source Files\State</Filter>
    </ClCompile>
    <ClCompile Include="GameMenu.cpp">
      <Filter>Source Files\State</Filter>
    </ClCompile>
    <ClCompile Include="GameState1.cpp">
      <Filter>Source Files\State</Filter>
    </ClCompile>
    <ClCompile Include="StateManager.cpp">
      <Filter>Source Files\State</Filter>
    </ClCompile>
    <ClCompile Include="GameObject.cpp">
      <Filter>Game</Filter>
    </ClCompile>
    <ClCompile Include="Game.cpp">
      <Filter>Game</Filter>
    </ClCompile>
    <ClCompile Include="Helicop.cpp">
      <Filter>Object</Filter>
    </ClCompile>
    <ClCompile Include="BatIntro.cpp">
      <Filter>Object</Filter>
    </ClCompile>
    <ClCompile Include="GameState.cpp">
      <Filter>Source Files\State</Filter>
    </ClCompile>
    <ClCompile Include="GameState2.cpp">
      <Filter>Source Files\State</Filter>
    </ClCompile>
    <ClCompile Include="mCandle.cpp">
      <Filter>Object\Static Object</Filter>
    </ClCompile>
    <ClCompile Include="Zombie.cpp">
      <Filter>Object\Enemy</Filter>
    </ClCompile>
    <ClCompile Include="Panther.cpp">
      <Filter>Object\Enemy</Filter>
    </ClCompile>
    <ClCompile Include="Bat.cpp">
      <Filter>Object\Enemy</Filter>
    </ClCompile>
    <ClCompile Include="KeyEventHandler.cpp">
      <Filter>FrameWork</Filter>
    </ClCompile>
    <ClCompile Include="Enemy.cpp">
      <Filter>Object\Enemy</Filter>
    </ClCompile>
    <ClCompile Include="Stair.cpp">
      <Filter>Object\Static Object</Filter>
    </ClCompile>
    <ClCompile Include="Ground_Null.cpp">
      <Filter>Object\Static Object</Filter>
    </ClCompile>
    <ClCompile Include="Door.cpp">
      <Filter>Object\Static Object</Filter>
    </ClCompile>
    <ClCompile Include="Merman.cpp">
      <Filter>Object\Enemy</Filter>
    </ClCompile>
    <ClCompile Include="Bullets.cpp">
      <Filter>Object\Item</Filter>
    </ClCompile>
    <ClCompile Include="EffectDead.cpp">
      <Filter>FrameWork</Filter>
    </ClCompile>
    <ClCompile Include="Boss.cpp">
      <Filter>Object\Enemy</Filter>
    </ClCompile>
    <ClCompile Include="Grid.cpp">
      <Filter>Source Files\Grid</Filter>
    </ClCompile>
    <ClCompile Include="Axe.cpp">
      <Filter>Object\Item</Filter>
    </ClCompile>
    <ClCompile Include="HolyWater.cpp">
      <Filter>Object\Item</Filter>
    </ClCompile>
    <ClCompile Include="UI.cpp">
      <Filter>Source Files\UI</Filter>
    </ClCompile>
    <ClCompile Include="Cross.cpp">
      <Filter>Object\Item</Filter>
    </ClCompile>
  </ItemGroup>
  <ItemGroup>
    <ClInclude Include="Items.h">
      <Filter>Object\Item</Filter>
    </ClInclude>
    <ClInclude Include="Knife.h">
      <Filter>Object\Item</Filter>
    </ClInclude>
    <ClInclude Include="Ground.h">
      <Filter>Object\Static Object</Filter>
    </ClInclude>
    <ClInclude Include="lCandle.h">
      <Filter>Object\Static Object</Filter>
    </ClInclude>
    <ClInclude Include="Animations.h">
      <Filter>FrameWork</Filter>
    </ClInclude>
    <ClInclude Include="Debug.h">
      <Filter>FrameWork</Filter>
    </ClInclude>
    <ClInclude Include="KeyEventHandler.h">
      <Filter>FrameWork</Filter>
    </ClInclude>
    <ClInclude Include="Sprites.h">
      <Filter>FrameWork</Filter>
    </ClInclude>
    <ClInclude Include="Textures.h">
      <Filter>FrameWork</Filter>
    </ClInclude>
    <ClInclude Include="Global.h">
      <Filter>Source Files</Filter>
    </ClInclude>
    <ClInclude Include="Simon.h">
      <Filter>Source Files</Filter>
    </ClInclude>
    <ClInclude Include="TitleAnimation.h">
      <Filter>Source Files</Filter>
    </ClInclude>
    <ClInclude Include="Whip.h">
      <Filter>Source Files</Filter>
    </ClInclude>
    <ClInclude Include="TileMap.h">
      <Filter>TileMap</Filter>
    </ClInclude>
    <ClInclude Include="GameIntro.h">
      <Filter>Source Files\State</Filter>
    </ClInclude>
    <ClInclude Include="GameMenu.h">
      <Filter>Source Files\State</Filter>
    </ClInclude>
    <ClInclude Include="GameState.h">
      <Filter>Source Files\State</Filter>
    </ClInclude>
    <ClInclude Include="GameState1.h">
      <Filter>Source Files\State</Filter>
    </ClInclude>
    <ClInclude Include="StateManager.h">
      <Filter>Source Files\State</Filter>
    </ClInclude>
    <ClInclude Include="GameObject.h">
      <Filter>Game</Filter>
    </ClInclude>
    <ClInclude Include="Game.h">
      <Filter>Game</Filter>
    </ClInclude>
    <ClInclude Include="Helicop.h">
      <Filter>Object</Filter>
    </ClInclude>
    <ClInclude Include="BatIntro.h">
      <Filter>Object</Filter>
    </ClInclude>
    <ClInclude Include="GameState2.h">
      <Filter>Source Files\State</Filter>
    </ClInclude>
    <ClInclude Include="mCandle.h">
      <Filter>Object\Static Object</Filter>
    </ClInclude>
    <ClInclude Include="Zombie.h">
      <Filter>Object\Enemy</Filter>
    </ClInclude>
    <ClInclude Include="Panther.h">
      <Filter>Object\Enemy</Filter>
    </ClInclude>
    <ClInclude Include="Bat.h">
      <Filter>Object\Enemy</Filter>
    </ClInclude>
    <ClInclude Include="Enemy.h">
      <Filter>Object\Enemy</Filter>
    </ClInclude>
    <ClInclude Include="Stair.h">
      <Filter>Object\Static Object</Filter>
    </ClInclude>
    <ClInclude Include="Ground_Null.h">
      <Filter>Object\Static Object</Filter>
    </ClInclude>
    <ClInclude Include="Door.h">
      <Filter>Object\Static Object</Filter>
    </ClInclude>
    <ClInclude Include="Merman.h">
      <Filter>Object\Enemy</Filter>
    </ClInclude>
    <ClInclude Include="Bullets.h">
      <Filter>Object\Item</Filter>
    </ClInclude>
    <ClInclude Include="EffectDead.h">
      <Filter>FrameWork</Filter>
    </ClInclude>
    <ClInclude Include="Boss.h">
      <Filter>Object\Enemy</Filter>
    </ClInclude>
    <ClInclude Include="Grid.h">
      <Filter>Source Files\Grid</Filter>
    </ClInclude>
    <ClInclude Include="Axe.h">
      <Filter>Object\Item</Filter>
    </ClInclude>
    <ClInclude Include="Cross.h">
      <Filter>Object\Item</Filter>
    </ClInclude>
    <ClInclude Include="HolyWater.h">
      <Filter>Object\Item</Filter>
    </ClInclude>
    <ClInclude Include="UI.h">
      <Filter>Source Files\UI</Filter>
    </ClInclude>
  </ItemGroup>
</Project>